{
  "meteor": {},
  "dependencies": {
    "basePackages": {
      "spin": {},
      "font-awesome": {},
      "s3": {},
      "dotenv": {},
      "bootstrap-3": {}
    },
    "packages": {
      "spin": {
        "git": "https://github.com/SachaG/meteor-spin.git",
        "tag": "v2.0.4",
        "commit": "f7b1e12a7caff1283cdb3671a393c182d0ae9862"
      },
      "font-awesome": {
        "git": "https://github.com/nate-strauser/meteor-font-awesome.git",
        "tag": "v4.1.0",
        "commit": "ce6b1e92715d1938babc5d69c655c17e387f5926"
      },
      "s3": {
        "git": "https://github.com/Lepozepo/S3.git",
        "tag": "v2.1.4",
        "commit": "a908757c061bd9cec24b470b1d7208284165c72e"
      },
      "dotenv": {
        "git": "https://github.com/okgrow/meteor-dotenv.git",
        "tag": "v0.1.1",
        "commit": "5205300e55fe051f3a4b23dce81295571bd85e89"
      },
      "bootstrap-3": {
        "git": "https://github.com/mangasocial/meteor-bootstrap-3.git",
        "tag": "v3.2.0-1",
        "commit": "17a63902fc6cf1096c5289d963c66cf28b474727"
      }
    }
  }
}
